// !$*UTF8*$!
{
	archiveVersion = 1;
	classes = {
	};
	objectVersion = 50;
	objects = {

/* Begin PBXBuildFile section */
		4BA849E0264C72DA0014EFDD /* AppDelegate.swift in Sources */ = {isa = PBXBuildFile; fileRef = 4BA849DF264C72DA0014EFDD /* AppDelegate.swift */; };
		4BA849E2264C72DA0014EFDD /* ContentView.swift in Sources */ = {isa = PBXBuildFile; fileRef = 4BA849E1264C72DA0014EFDD /* ContentView.swift */; };
		4BA849E4264C72DB0014EFDD /* Assets.xcassets in Resources */ = {isa = PBXBuildFile; fileRef = 4BA849E3264C72DB0014EFDD /* Assets.xcassets */; };
		4BA849E7264C72DB0014EFDD /* Preview Assets.xcassets in Resources */ = {isa = PBXBuildFile; fileRef = 4BA849E6264C72DB0014EFDD /* Preview Assets.xcassets */; };
		4BA849EA264C72DB0014EFDD /* Main.storyboard in Resources */ = {isa = PBXBuildFile; fileRef = 4BA849E8264C72DB0014EFDD /* Main.storyboard */; };
		4BA849F3264C73460014EFDD /* StatusBarController.swift in Sources */ = {isa = PBXBuildFile; fileRef = 4BA849F2264C73460014EFDD /* StatusBarController.swift */; };
		4BA849F8264D55770014EFDD /* CapsLock.swift in Sources */ = {isa = PBXBuildFile; fileRef = 4BA849F7264D55770014EFDD /* CapsLock.swift */; };
		4BA849FB264D67960014EFDD /* IOKit.framework in Frameworks */ = {isa = PBXBuildFile; fileRef = 4BA849FA264D67960014EFDD /* IOKit.framework */; };
		4BA849FD264D67A70014EFDD /* CoreFoundation.framework in Frameworks */ = {isa = PBXBuildFile; fileRef = 4BA849FC264D67A70014EFDD /* CoreFoundation.framework */; };
/* End PBXBuildFile section */

/* Begin PBXFileReference section */
		4BA849DC264C72DA0014EFDD /* TypoToggle.app */ = {isa = PBXFileReference; explicitFileType = wrapper.application; includeInIndex = 0; path = TypoToggle.app; sourceTree = BUILT_PRODUCTS_DIR; };
		4BA849DF264C72DA0014EFDD /* AppDelegate.swift */ = {isa = PBXFileReference; lastKnownFileType = sourcecode.swift; path = AppDelegate.swift; sourceTree = "<group>"; };
		4BA849E1264C72DA0014EFDD /* ContentView.swift */ = {isa = PBXFileReference; lastKnownFileType = sourcecode.swift; path = ContentView.swift; sourceTree = "<group>"; };
		4BA849E3264C72DB0014EFDD /* Assets.xcassets */ = {isa = PBXFileReference; lastKnownFileType = folder.assetcatalog; path = Assets.xcassets; sourceTree = "<group>"; };
		4BA849E6264C72DB0014EFDD /* Preview Assets.xcassets */ = {isa = PBXFileReference; lastKnownFileType = folder.assetcatalog; path = "Preview Assets.xcassets"; sourceTree = "<group>"; };
		4BA849E9264C72DB0014EFDD /* Base */ = {isa = PBXFileReference; lastKnownFileType = file.storyboard; name = Base; path = Base.lproj/Main.storyboard; sourceTree = "<group>"; };
		4BA849EB264C72DB0014EFDD /* Info.plist */ = {isa = PBXFileReference; lastKnownFileType = text.plist.xml; path = Info.plist; sourceTree = "<group>"; };
		4BA849EC264C72DB0014EFDD /* TypoToggle.entitlements */ = {isa = PBXFileReference; lastKnownFileType = text.plist.entitlements; path = TypoToggle.entitlements; sourceTree = "<group>"; };
		4BA849F2264C73460014EFDD /* StatusBarController.swift */ = {isa = PBXFileReference; lastKnownFileType = sourcecode.swift; path = StatusBarController.swift; sourceTree = "<group>"; };
		4BA849F7264D55770014EFDD /* CapsLock.swift */ = {isa = PBXFileReference; lastKnownFileType = sourcecode.swift; path = CapsLock.swift; sourceTree = "<group>"; };
		4BA849FA264D67960014EFDD /* IOKit.framework */ = {isa = PBXFileReference; lastKnownFileType = wrapper.framework; name = IOKit.framework; path = System/Library/Frameworks/IOKit.framework; sourceTree = SDKROOT; };
		4BA849FC264D67A70014EFDD /* CoreFoundation.framework */ = {isa = PBXFileReference; lastKnownFileType = wrapper.framework; name = CoreFoundation.framework; path = System/Library/Frameworks/CoreFoundation.framework; sourceTree = SDKROOT; };
/* End PBXFileReference section */

/* Begin PBXFrameworksBuildPhase section */
		4BA849D9264C72D90014EFDD /* Frameworks */ = {
			isa = PBXFrameworksBuildPhase;
			buildActionMask = 2147483647;
			files = (
				4BA849FD264D67A70014EFDD /* CoreFoundation.framework in Frameworks */,
				4BA849FB264D67960014EFDD /* IOKit.framework in Frameworks */,
			);
			runOnlyForDeploymentPostprocessing = 0;
		};
/* End PBXFrameworksBuildPhase section */

/* Begin PBXGroup section */
		4BA849D3264C72D90014EFDD = {
			isa = PBXGroup;
			children = (
				4BA849DE264C72DA0014EFDD /* TypoToggle */,
				4BA849DD264C72DA0014EFDD /* Products */,
				4BA849F9264D67960014EFDD /* Frameworks */,
			);
			sourceTree = "<group>";
		};
		4BA849DD264C72DA0014EFDD /* Products */ = {
			isa = PBXGroup;
			children = (
				4BA849DC264C72DA0014EFDD /* TypoToggle.app */,
			);
			name = Products;
			sourceTree = "<group>";
		};
		4BA849DE264C72DA0014EFDD /* TypoToggle */ = {
			isa = PBXGroup;
			children = (
				4BA849DF264C72DA0014EFDD /* AppDelegate.swift */,
				4BA849F2264C73460014EFDD /* StatusBarController.swift */,
				4BA849F7264D55770014EFDD /* CapsLock.swift */,
				4BA849E1264C72DA0014EFDD /* ContentView.swift */,
				4BA849E3264C72DB0014EFDD /* Assets.xcassets */,
				4BA849E8264C72DB0014EFDD /* Main.storyboard */,
				4BA849EB264C72DB0014EFDD /* Info.plist */,
				4BA849EC264C72DB0014EFDD /* TypoToggle.entitlements */,
				4BA849E5264C72DB0014EFDD /* Preview Content */,
			);
			path = TypoToggle;
			sourceTree = "<group>";
		};
		4BA849E5264C72DB0014EFDD /* Preview Content */ = {
			isa = PBXGroup;
			children = (
				4BA849E6264C72DB0014EFDD /* Preview Assets.xcassets */,
			);
			path = "Preview Content";
			sourceTree = "<group>";
		};
		4BA849F9264D67960014EFDD /* Frameworks */ = {
			isa = PBXGroup;
			children = (
				4BA849FC264D67A70014EFDD /* CoreFoundation.framework */,
				4BA849FA264D67960014EFDD /* IOKit.framework */,
			);
			name = Frameworks;
			sourceTree = "<group>";
		};
/* End PBXGroup section */

/* Begin PBXNativeTarget section */
		4BA849DB264C72D90014EFDD /* TypoToggle */ = {
			isa = PBXNativeTarget;
			buildConfigurationList = 4BA849EF264C72DB0014EFDD /* Build configuration list for PBXNativeTarget "TypoToggle" */;
			buildPhases = (
				4BA849D8264C72D90014EFDD /* Sources */,
				4BA849D9264C72D90014EFDD /* Frameworks */,
				4BA849DA264C72D90014EFDD /* Resources */,
			);
			buildRules = (
			);
			dependencies = (
			);
			name = TypoToggle;
			productName = TypoToggle;
			productReference = 4BA849DC264C72DA0014EFDD /* TypoToggle.app */;
			productType = "com.apple.product-type.application";
		};
/* End PBXNativeTarget section */

/* Begin PBXProject section */
		4BA849D4264C72D90014EFDD /* Project object */ = {
			isa = PBXProject;
			attributes = {
				LastSwiftUpdateCheck = 1250;
				LastUpgradeCheck = 1250;
				TargetAttributes = {
					4BA849DB264C72D90014EFDD = {
						CreatedOnToolsVersion = 12.5;
					};
				};
			};
			buildConfigurationList = 4BA849D7264C72D90014EFDD /* Build configuration list for PBXProject "TypoToggle" */;
			compatibilityVersion = "Xcode 9.3";
			developmentRegion = en;
			hasScannedForEncodings = 0;
			knownRegions = (
				en,
				Base,
			);
			mainGroup = 4BA849D3264C72D90014EFDD;
			productRefGroup = 4BA849DD264C72DA0014EFDD /* Products */;
			projectDirPath = "";
			projectRoot = "";
			targets = (
				4BA849DB264C72D90014EFDD /* TypoToggle */,
			);
		};
/* End PBXProject section */

/* Begin PBXResourcesBuildPhase section */
		4BA849DA264C72D90014EFDD /* Resources */ = {
			isa = PBXResourcesBuildPhase;
			buildActionMask = 2147483647;
			files = (
				4BA849EA264C72DB0014EFDD /* Main.storyboard in Resources */,
				4BA849E7264C72DB0014EFDD /* Preview Assets.xcassets in Resources */,
				4BA849E4264C72DB0014EFDD /* Assets.xcassets in Resources */,
			);
			runOnlyForDeploymentPostprocessing = 0;
		};
/* End PBXResourcesBuildPhase section */

/* Begin PBXSourcesBuildPhase section */
		4BA849D8264C72D90014EFDD /* Sources */ = {
			isa = PBXSourcesBuildPhase;
			buildActionMask = 2147483647;
			files = (
				4BA849F8264D55770014EFDD /* CapsLock.swift in Sources */,
				4BA849E2264C72DA0014EFDD /* ContentView.swift in Sources */,
				4BA849F3264C73460014EFDD /* StatusBarController.swift in Sources */,
				4BA849E0264C72DA0014EFDD /* AppDelegate.swift in Sources */,
			);
			runOnlyForDeploymentPostprocessing = 0;
		};
/* End PBXSourcesBuildPhase section */

/* Begin PBXVariantGroup section */
		4BA849E8264C72DB0014EFDD /* Main.storyboard */ = {
			isa = PBXVariantGroup;
			children = (
				4BA849E9264C72DB0014EFDD /* Base */,
			);
			name = Main.storyboard;
			sourceTree = "<group>";
		};
/* End PBXVariantGroup section */

/* Begin XCBuildConfiguration section */
		4BA849ED264C72DB0014EFDD /* Debug */ = {
			isa = XCBuildConfiguration;
			buildSettings = {
				ALWAYS_SEARCH_USER_PATHS = NO;
				CLANG_ANALYZER_NONNULL = YES;
				CLANG_ANALYZER_NUMBER_OBJECT_CONVERSION = YES_AGGRESSIVE;
				CLANG_CXX_LANGUAGE_STANDARD = "gnu++14";
				CLANG_CXX_LIBRARY = "libc++";
				CLANG_ENABLE_MODULES = YES;
				CLANG_ENABLE_OBJC_ARC = YES;
				CLANG_ENABLE_OBJC_WEAK = YES;
				CLANG_WARN_BLOCK_CAPTURE_AUTORELEASING = YES;
				CLANG_WARN_BOOL_CONVERSION = YES;
				CLANG_WARN_COMMA = YES;
				CLANG_WARN_CONSTANT_CONVERSION = YES;
				CLANG_WARN_DEPRECATED_OBJC_IMPLEMENTATIONS = YES;
				CLANG_WARN_DIRECT_OBJC_ISA_USAGE = YES_ERROR;
				CLANG_WARN_DOCUMENTATION_COMMENTS = YES;
				CLANG_WARN_EMPTY_BODY = YES;
				CLANG_WARN_ENUM_CONVERSION = YES;
				CLANG_WARN_INFINITE_RECURSION = YES;
				CLANG_WARN_INT_CONVERSION = YES;
				CLANG_WARN_NON_LITERAL_NULL_CONVERSION = YES;
				CLANG_WARN_OBJC_IMPLICIT_RETAIN_SELF = YES;
				CLANG_WARN_OBJC_LITERAL_CONVERSION = YES;
				CLANG_WARN_OBJC_ROOT_CLASS = YES_ERROR;
				CLANG_WARN_QUOTED_INCLUDE_IN_FRAMEWORK_HEADER = YES;
				CLANG_WARN_RANGE_LOOP_ANALYSIS = YES;
				CLANG_WARN_STRICT_PROTOTYPES = YES;
				CLANG_WARN_SUSPICIOUS_MOVE = YES;
				CLANG_WARN_UNGUARDED_AVAILABILITY = YES_AGGRESSIVE;
				CLANG_WARN_UNREACHABLE_CODE = YES;
				CLANG_WARN__DUPLICATE_METHOD_MATCH = YES;
				COPY_PHASE_STRIP = NO;
				DEBUG_INFORMATION_FORMAT = dwarf;
				ENABLE_STRICT_OBJC_MSGSEND = YES;
				ENABLE_TESTABILITY = YES;
				GCC_C_LANGUAGE_STANDARD = gnu11;
				GCC_DYNAMIC_NO_PIC = NO;
				GCC_NO_COMMON_BLOCKS = YES;
				GCC_OPTIMIZATION_LEVEL = 0;
				GCC_PREPROCESSOR_DEFINITIONS = (
					"DEBUG=1",
					"$(inherited)",
				);
				GCC_WARN_64_TO_32_BIT_CONVERSION = YES;
				GCC_WARN_ABOUT_RETURN_TYPE = YES_ERROR;
				GCC_WARN_UNDECLARED_SELECTOR = YES;
				GCC_WARN_UNINITIALIZED_AUTOS = YES_AGGRESSIVE;
				GCC_WARN_UNUSED_FUNCTION = YES;
				GCC_WARN_UNUSED_VARIABLE = YES;
				MACOSX_DEPLOYMENT_TARGET = 11.3;
				MTL_ENABLE_DEBUG_INFO = INCLUDE_SOURCE;
				MTL_FAST_MATH = YES;
				ONLY_ACTIVE_ARCH = YES;
				SDKROOT = macosx;
				SWIFT_ACTIVE_COMPILATION_CONDITIONS = DEBUG;
				SWIFT_OPTIMIZATION_LEVEL = "-Onone";
			};
			name = Debug;
		};
		4BA849EE264C72DB0014EFDD /* Release */ = {
			isa = XCBuildConfiguration;
			buildSettings = {
				ALWAYS_SEARCH_USER_PATHS = NO;
				CLANG_ANALYZER_NONNULL = YES;
				CLANG_ANALYZER_NUMBER_OBJECT_CONVERSION = YES_AGGRESSIVE;
				CLANG_CXX_LANGUAGE_STANDARD = "gnu++14";
				CLANG_CXX_LIBRARY = "libc++";
				CLANG_ENABLE_MODULES = YES;
				CLANG_ENABLE_OBJC_ARC = YES;
				CLANG_ENABLE_OBJC_WEAK = YES;
				CLANG_WARN_BLOCK_CAPTURE_AUTORELEASING = YES;
				CLANG_WARN_BOOL_CONVERSION = YES;
				CLANG_WARN_COMMA = YES;
				CLANG_WARN_CONSTANT_CONVERSION = YES;
				CLANG_WARN_DEPRECATED_OBJC_IMPLEMENTATIONS = YES;
				CLANG_WARN_DIRECT_OBJC_ISA_USAGE = YES_ERROR;
				CLANG_WARN_DOCUMENTATION_COMMENTS = YES;
				CLANG_WARN_EMPTY_BODY = YES;
				CLANG_WARN_ENUM_CONVERSION = YES;
				CLANG_WARN_INFINITE_RECURSION = YES;
				CLANG_WARN_INT_CONVERSION = YES;
				CLANG_WARN_NON_LITERAL_NULL_CONVERSION = YES;
				CLANG_WARN_OBJC_IMPLICIT_RETAIN_SELF = YES;
				CLANG_WARN_OBJC_LITERAL_CONVERSION = YES;
				CLANG_WARN_OBJC_ROOT_CLASS = YES_ERROR;
				CLANG_WARN_QUOTED_INCLUDE_IN_FRAMEWORK_HEADER = YES;
				CLANG_WARN_RANGE_LOOP_ANALYSIS = YES;
				CLANG_WARN_STRICT_PROTOTYPES = YES;
				CLANG_WARN_SUSPICIOUS_MOVE = YES;
				CLANG_WARN_UNGUARDED_AVAILABILITY = YES_AGGRESSIVE;
				CLANG_WARN_UNREACHABLE_CODE = YES;
				CLANG_WARN__DUPLICATE_METHOD_MATCH = YES;
				COPY_PHASE_STRIP = NO;
				DEBUG_INFORMATION_FORMAT = "dwarf-with-dsym";
				ENABLE_NS_ASSERTIONS = NO;
				ENABLE_STRICT_OBJC_MSGSEND = YES;
				GCC_C_LANGUAGE_STANDARD = gnu11;
				GCC_NO_COMMON_BLOCKS = YES;
				GCC_WARN_64_TO_32_BIT_CONVERSION = YES;
				GCC_WARN_ABOUT_RETURN_TYPE = YES_ERROR;
				GCC_WARN_UNDECLARED_SELECTOR = YES;
				GCC_WARN_UNINITIALIZED_AUTOS = YES_AGGRESSIVE;
				GCC_WARN_UNUSED_FUNCTION = YES;
				GCC_WARN_UNUSED_VARIABLE = YES;
				MACOSX_DEPLOYMENT_TARGET = 11.3;
				MTL_ENABLE_DEBUG_INFO = NO;
				MTL_FAST_MATH = YES;
				SDKROOT = macosx;
				SWIFT_COMPILATION_MODE = wholemodule;
				SWIFT_OPTIMIZATION_LEVEL = "-O";
			};
			name = Release;
		};
		4BA849F0264C72DB0014EFDD /* Debug */ = {
			isa = XCBuildConfiguration;
			buildSettings = {
				ASSETCATALOG_COMPILER_APPICON_NAME = AppIcon;
				ASSETCATALOG_COMPILER_GLOBAL_ACCENT_COLOR_NAME = AccentColor;
				CODE_SIGN_ENTITLEMENTS = TypoToggle/TypoToggle.entitlements;
				CODE_SIGN_STYLE = Automatic;
				COMBINE_HIDPI_IMAGES = YES;
				DEVELOPMENT_ASSET_PATHS = "\"TypoToggle/Preview Content\"";
				DEVELOPMENT_TEAM = XVA8384FUL;
				ENABLE_HARDENED_RUNTIME = YES;
				ENABLE_PREVIEWS = YES;
				INFOPLIST_FILE = TypoToggle/Info.plist;
				LD_RUNPATH_SEARCH_PATHS = (
					"$(inherited)",
					"@executable_path/../Frameworks",
				);
				MACOSX_DEPLOYMENT_TARGET = 11.3;
				PRODUCT_BUNDLE_IDENTIFIER = net.tobyz.TypoToggle;
				PRODUCT_NAME = "$(TARGET_NAME)";
				SWIFT_VERSION = 5.0;
			};
			name = Debug;
		};
		4BA849F1264C72DB0014EFDD /* Release */ = {
			isa = XCBuildConfiguration;
			buildSettings = {
				ASSETCATALOG_COMPILER_APPICON_NAME = AppIcon;
				ASSETCATALOG_COMPILER_GLOBAL_ACCENT_COLOR_NAME = AccentColor;
				CODE_SIGN_ENTITLEMENTS = TypoToggle/TypoToggle.entitlements;
				CODE_SIGN_STYLE = Automatic;
				COMBINE_HIDPI_IMAGES = YES;
				DEVELOPMENT_ASSET_PATHS = "\"TypoToggle/Preview Content\"";
				DEVELOPMENT_TEAM = XVA8384FUL;
				ENABLE_HARDENED_RUNTIME = YES;
				ENABLE_PREVIEWS = YES;
				INFOPLIST_FILE = TypoToggle/Info.plist;
				LD_RUNPATH_SEARCH_PATHS = (
					"$(inherited)",
					"@executable_path/../Frameworks",
				);
				MACOSX_DEPLOYMENT_TARGET = 11.3;
				PRODUCT_BUNDLE_IDENTIFIER = net.tobyz.TypoToggle;
				PRODUCT_NAME = "$(TARGET_NAME)";
				SWIFT_VERSION = 5.0;
			};
			name = Release;
		};
/* End XCBuildConfiguration section */

/* Begin XCConfigurationList section */
		4BA849D7264C72D90014EFDD /* Build configuration list for PBXProject "TypoToggle" */ = {
			isa = XCConfigurationList;
			buildConfigurations = (
				4BA849ED264C72DB0014EFDD /* Debug */,
				4BA849EE264C72DB0014EFDD /* Release */,
			);
			defaultConfigurationIsVisible = 0;
			defaultConfigurationName = Release;
		};
		4BA849EF264C72DB0014EFDD /* Build configuration list for PBXNativeTarget "TypoToggle" */ = {
			isa = XCConfigurationList;
			buildConfigurations = (
				4BA849F0264C72DB0014EFDD /* Debug */,
				4BA849F1264C72DB0014EFDD /* Release */,
			);
			defaultConfigurationIsVisible = 0;
			defaultConfigurationName = Release;
		};
/* End XCConfigurationList section */
	};
	rootObject = 4BA849D4264C72D90014EFDD /* Project object */;
}
